// !$*UTF8*$!
{
	archiveVersion = 1;
	classes = {
	};
	objectVersion = 50;
	objects = {

/* Begin PBXBuildFile section */
		15FC93FC20E23A0C0047A333 /* AppDelegate.swift in Sources */ = {isa = PBXBuildFile; fileRef = 15FC93FB20E23A0C0047A333 /* AppDelegate.swift */; };
		15FC93FE20E23A0C0047A333 /* ViewController.swift in Sources */ = {isa = PBXBuildFile; fileRef = 15FC93FD20E23A0C0047A333 /* ViewController.swift */; };
		15FC940120E23A0C0047A333 /* Main.storyboard in Resources */ = {isa = PBXBuildFile; fileRef = 15FC93FF20E23A0C0047A333 /* Main.storyboard */; };
		15FC940320E23A0E0047A333 /* Assets.xcassets in Resources */ = {isa = PBXBuildFile; fileRef = 15FC940220E23A0E0047A333 /* Assets.xcassets */; };
		15FC940620E23A0E0047A333 /* LaunchScreen.storyboard in Resources */ = {isa = PBXBuildFile; fileRef = 15FC940420E23A0E0047A333 /* LaunchScreen.storyboard */; };
		15FC940E20E23A230047A333 /* DDTouchIDManager.swift in Sources */ = {isa = PBXBuildFile; fileRef = 15FC940D20E23A230047A333 /* DDTouchIDManager.swift */; };
/* End PBXBuildFile section */

/* Begin PBXFileReference section */
		15FC93F820E23A0C0047A333 /* TestTouchID.app */ = {isa = PBXFileReference; explicitFileType = wrapper.application; includeInIndex = 0; path = TestTouchID.app; sourceTree = BUILT_PRODUCTS_DIR; };
		15FC93FB20E23A0C0047A333 /* AppDelegate.swift */ = {isa = PBXFileReference; lastKnownFileType = sourcecode.swift; path = AppDelegate.swift; sourceTree = "<group>"; };
		15FC93FD20E23A0C0047A333 /* ViewController.swift */ = {isa = PBXFileReference; lastKnownFileType = sourcecode.swift; path = ViewController.swift; sourceTree = "<group>"; };
		15FC940020E23A0C0047A333 /* Base */ = {isa = PBXFileReference; lastKnownFileType = file.storyboard; name = Base; path = Base.lproj/Main.storyboard; sourceTree = "<group>"; };
		15FC940220E23A0E0047A333 /* Assets.xcassets */ = {isa = PBXFileReference; lastKnownFileType = folder.assetcatalog; path = Assets.xcassets; sourceTree = "<group>"; };
		15FC940520E23A0E0047A333 /* Base */ = {isa = PBXFileReference; lastKnownFileType = file.storyboard; name = Base; path = Base.lproj/LaunchScreen.storyboard; sourceTree = "<group>"; };
		15FC940720E23A0E0047A333 /* Info.plist */ = {isa = PBXFileReference; lastKnownFileType = text.plist.xml; path = Info.plist; sourceTree = "<group>"; };
		15FC940D20E23A230047A333 /* DDTouchIDManager.swift */ = {isa = PBXFileReference; lastKnownFileType = sourcecode.swift; path = DDTouchIDManager.swift; sourceTree = "<group>"; };
/* End PBXFileReference section */

/* Begin PBXFrameworksBuildPhase section */
		15FC93F520E23A0C0047A333 /* Frameworks */ = {
			isa = PBXFrameworksBuildPhase;
			buildActionMask = 2147483647;
			files = (
			);
			runOnlyForDeploymentPostprocessing = 0;
		};
/* End PBXFrameworksBuildPhase section */

/* Begin PBXGroup section */
		15FC93EF20E23A0C0047A333 = {
			isa = PBXGroup;
			children = (
				15FC93FA20E23A0C0047A333 /* TestTouchID */,
				15FC93F920E23A0C0047A333 /* Products */,
			);
			sourceTree = "<group>";
		};
		15FC93F920E23A0C0047A333 /* Products */ = {
			isa = PBXGroup;
			children = (
				15FC93F820E23A0C0047A333 /* TestTouchID.app */,
			);
			name = Products;
			sourceTree = "<group>";
		};
		15FC93FA20E23A0C0047A333 /* TestTouchID */ = {
			isa = PBXGroup;
			children = (
				15FC93FB20E23A0C0047A333 /* AppDelegate.swift */,
				15FC93FD20E23A0C0047A333 /* ViewController.swift */,
				15FC940D20E23A230047A333 /* DDTouchIDManager.swift */,
				15FC93FF20E23A0C0047A333 /* Main.storyboard */,
				15FC940220E23A0E0047A333 /* Assets.xcassets */,
				15FC940420E23A0E0047A333 /* LaunchScreen.storyboard */,
				15FC940720E23A0E0047A333 /* Info.plist */,
			);
			path = TestTouchID;
			sourceTree = "<group>";
		};
/* End PBXGroup section */

/* Begin PBXNativeTarget section */
		15FC93F720E23A0C0047A333 /* TestTouchID */ = {
			isa = PBXNativeTarget;
			buildConfigurationList = 15FC940A20E23A0E0047A333 /* Build configuration list for PBXNativeTarget "TestTouchID" */;
			buildPhases = (
				15FC93F420E23A0C0047A333 /* Sources */,
				15FC93F520E23A0C0047A333 /* Frameworks */,
				15FC93F620E23A0C0047A333 /* Resources */,
			);
			buildRules = (
			);
			dependencies = (
			);
			name = TestTouchID;
			productName = TestTouchID;
			productReference = 15FC93F820E23A0C0047A333 /* TestTouchID.app */;
			productType = "com.apple.product-type.application";
		};
/* End PBXNativeTarget section */

/* Begin PBXProject section */
		15FC93F020E23A0C0047A333 /* Project object */ = {
			isa = PBXProject;
			attributes = {
				LastSwiftUpdateCheck = 0930;
				LastUpgradeCheck = 0930;
				ORGANIZATIONNAME = HHCSZGD;
				TargetAttributes = {
					15FC93F720E23A0C0047A333 = {
						CreatedOnToolsVersion = 9.3;
					};
				};
			};
			buildConfigurationList = 15FC93F320E23A0C0047A333 /* Build configuration list for PBXProject "TestTouchID" */;
			compatibilityVersion = "Xcode 9.3";
			developmentRegion = en;
			hasScannedForEncodings = 0;
			knownRegions = (
				en,
				Base,
			);
			mainGroup = 15FC93EF20E23A0C0047A333;
			productRefGroup = 15FC93F920E23A0C0047A333 /* Products */;
			projectDirPath = "";
			projectRoot = "";
			targets = (
				15FC93F720E23A0C0047A333 /* TestTouchID */,
			);
		};
/* End PBXProject section */

/* Begin PBXResourcesBuildPhase section */
		15FC93F620E23A0C0047A333 /* Resources */ = {
			isa = PBXResourcesBuildPhase;
			buildActionMask = 2147483647;
			files = (
				15FC940620E23A0E0047A333 /* LaunchScreen.storyboard in Resources */,
				15FC940320E23A0E0047A333 /* Assets.xcassets in Resources */,
				15FC940120E23A0C0047A333 /* Main.storyboard in Resources */,
			);
			runOnlyForDeploymentPostprocessing = 0;
		};
/* End PBXResourcesBuildPhase section */

/* Begin PBXSourcesBuildPhase section */
		15FC93F420E23A0C0047A333 /* Sources */ = {
			isa = PBXSourcesBuildPhase;
			buildActionMask = 2147483647;
			files = (
				15FC93FE20E23A0C0047A333 /* ViewController.swift in Sources */,
				15FC93FC20E23A0C0047A333 /* AppDelegate.swift in Sources */,
				15FC940E20E23A230047A333 /* DDTouchIDManager.swift in Sources */,
			);
			runOnlyForDeploymentPostprocessing = 0;
		};
/* End PBXSourcesBuildPhase section */

/* Begin PBXVariantGroup section */
		15FC93FF20E23A0C0047A333 /* Main.storyboard */ = {
			isa = PBXVariantGroup;
			children = (
				15FC940020E23A0C0047A333 /* Base */,
			);
			name = Main.storyboard;
			sourceTree = "<group>";
		};
		15FC940420E23A0E0047A333 /* LaunchScreen.storyboard */ = {
			isa = PBXVariantGroup;
			children = (
				15FC940520E23A0E0047A333 /* Base */,
			);
			name = LaunchScreen.storyboard;
			sourceTree = "<group>";
		};
/* End PBXVariantGroup section */

/* Begin XCBuildConfiguration section */
		15FC940820E23A0E0047A333 /* Debug */ = {
			isa = XCBuildConfiguration;
			buildSettings = {
				ALWAYS_SEARCH_USER_PATHS = NO;
				CLANG_ANALYZER_NONNULL = YES;
				CLANG_ANALYZER_NUMBER_OBJECT_CONVERSION = YES_AGGRESSIVE;
				CLANG_CXX_LANGUAGE_STANDARD = "gnu++14";
				CLANG_CXX_LIBRARY = "libc++";
				CLANG_ENABLE_MODULES = YES;
				CLANG_ENABLE_OBJC_ARC = YES;
				CLANG_ENABLE_OBJC_WEAK = YES;
				CLANG_WARN_BLOCK_CAPTURE_AUTORELEASING = YES;
				CLANG_WARN_BOOL_CONVERSION = YES;
				CLANG_WARN_COMMA = YES;
				CLANG_WARN_CONSTANT_CONVERSION = YES;
				CLANG_WARN_DEPRECATED_OBJC_IMPLEMENTATIONS = YES;
				CLANG_WARN_DIRECT_OBJC_ISA_USAGE = YES_ERROR;
				CLANG_WARN_DOCUMENTATION_COMMENTS = YES;
				CLANG_WARN_EMPTY_BODY = YES;
				CLANG_WARN_ENUM_CONVERSION = YES;
				CLANG_WARN_INFINITE_RECURSION = YES;
				CLANG_WARN_INT_CONVERSION = YES;
				CLANG_WARN_NON_LITERAL_NULL_CONVERSION = YES;
				CLANG_WARN_OBJC_IMPLICIT_RETAIN_SELF = YES;
				CLANG_WARN_OBJC_LITERAL_CONVERSION = YES;
				CLANG_WARN_OBJC_ROOT_CLASS = YES_ERROR;
				CLANG_WARN_RANGE_LOOP_ANALYSIS = YES;
				CLANG_WARN_STRICT_PROTOTYPES = YES;
				CLANG_WARN_SUSPICIOUS_MOVE = YES;
				CLANG_WARN_UNGUARDED_AVAILABILITY = YES_AGGRESSIVE;
				CLANG_WARN_UNREACHABLE_CODE = YES;
				CLANG_WARN__DUPLICATE_METHOD_MATCH = YES;
				CODE_SIGN_IDENTITY = "iPhone Developer";
				COPY_PHASE_STRIP = NO;
				DEBUG_INFORMATION_FORMAT = dwarf;
				ENABLE_STRICT_OBJC_MSGSEND = YES;
				ENABLE_TESTABILITY = YES;
				GCC_C_LANGUAGE_STANDARD = gnu11;
				GCC_DYNAMIC_NO_PIC = NO;
				GCC_NO_COMMON_BLOCKS = YES;
				GCC_OPTIMIZATION_LEVEL = 0;
				GCC_PREPROCESSOR_DEFINITIONS = (
					"DEBUG=1",
					"$(inherited)",
				);
				GCC_WARN_64_TO_32_BIT_CONVERSION = YES;
				GCC_WARN_ABOUT_RETURN_TYPE = YES_ERROR;
				GCC_WARN_UNDECLARED_SELECTOR = YES;
				GCC_WARN_UNINITIALIZED_AUTOS = YES_AGGRESSIVE;
				GCC_WARN_UNUSED_FUNCTION = YES;
				GCC_WARN_UNUSED_VARIABLE = YES;
				IPHONEOS_DEPLOYMENT_TARGET = 11.3;
				MTL_ENABLE_DEBUG_INFO = YES;
				ONLY_ACTIVE_ARCH = YES;
				SDKROOT = iphoneos;
				SWIFT_ACTIVE_COMPILATION_CONDITIONS = DEBUG;
				SWIFT_OPTIMIZATION_LEVEL = "-Onone";
			};
			name = Debug;
		};
		15FC940920E23A0E0047A333 /* Release */ = {
			isa = XCBuildConfiguration;
			buildSettings = {
				ALWAYS_SEARCH_USER_PATHS = NO;
				CLANG_ANALYZER_NONNULL = YES;
				CLANG_ANALYZER_NUMBER_OBJECT_CONVERSION = YES_AGGRESSIVE;
				CLANG_CXX_LANGUAGE_STANDARD = "gnu++14";
				CLANG_CXX_LIBRARY = "libc++";
				CLANG_ENABLE_MODULES = YES;
				CLANG_ENABLE_OBJC_ARC = YES;
				CLANG_ENABLE_OBJC_WEAK = YES;
				CLANG_WARN_BLOCK_CAPTURE_AUTORELEASING = YES;
				CLANG_WARN_BOOL_CONVERSION = YES;
				CLANG_WARN_COMMA = YES;
				CLANG_WARN_CONSTANT_CONVERSION = YES;
				CLANG_WARN_DEPRECATED_OBJC_IMPLEMENTATIONS = YES;
				CLANG_WARN_DIRECT_OBJC_ISA_USAGE = YES_ERROR;
				CLANG_WARN_DOCUMENTATION_COMMENTS = YES;
				CLANG_WARN_EMPTY_BODY = YES;
				CLANG_WARN_ENUM_CONVERSION = YES;
				CLANG_WARN_INFINITE_RECURSION = YES;
				CLANG_WARN_INT_CONVERSION = YES;
				CLANG_WARN_NON_LITERAL_NULL_CONVERSION = YES;
				CLANG_WARN_OBJC_IMPLICIT_RETAIN_SELF = YES;
				CLANG_WARN_OBJC_LITERAL_CONVERSION = YES;
				CLANG_WARN_OBJC_ROOT_CLASS = YES_ERROR;
				CLANG_WARN_RANGE_LOOP_ANALYSIS = YES;
				CLANG_WARN_STRICT_PROTOTYPES = YES;
				CLANG_WARN_SUSPICIOUS_MOVE = YES;
				CLANG_WARN_UNGUARDED_AVAILABILITY = YES_AGGRESSIVE;
				CLANG_WARN_UNREACHABLE_CODE = YES;
				CLANG_WARN__DUPLICATE_METHOD_MATCH = YES;
				CODE_SIGN_IDENTITY = "iPhone Developer";
				COPY_PHASE_STRIP = NO;
				DEBUG_INFORMATION_FORMAT = "dwarf-with-dsym";
				ENABLE_NS_ASSERTIONS = NO;
				ENABLE_STRICT_OBJC_MSGSEND = YES;
				GCC_C_LANGUAGE_STANDARD = gnu11;
				GCC_NO_COMMON_BLOCKS = YES;
				GCC_WARN_64_TO_32_BIT_CONVERSION = YES;
				GCC_WARN_ABOUT_RETURN_TYPE = YES_ERROR;
				GCC_WARN_UNDECLARED_SELECTOR = YES;
				GCC_WARN_UNINITIALIZED_AUTOS = YES_AGGRESSIVE;
				GCC_WARN_UNUSED_FUNCTION = YES;
				GCC_WARN_UNUSED_VARIABLE = YES;
				IPHONEOS_DEPLOYMENT_TARGET = 11.3;
				MTL_ENABLE_DEBUG_INFO = NO;
				SDKROOT = iphoneos;
				SWIFT_COMPILATION_MODE = wholemodule;
				SWIFT_OPTIMIZATION_LEVEL = "-O";
				VALIDATE_PRODUCT = YES;
			};
			name = Release;
		};
		15FC940B20E23A0E0047A333 /* Debug */ = {
			isa = XCBuildConfiguration;
			buildSettings = {
				ASSETCATALOG_COMPILER_APPICON_NAME = AppIcon;
				CODE_SIGN_STYLE = Automatic;
				DEVELOPMENT_TEAM = EY693LHB6N;
				INFOPLIST_FILE = TestTouchID/Info.plist;
				LD_RUNPATH_SEARCH_PATHS = (
					"$(inherited)",
					"@executable_path/Frameworks",
				);
				PRODUCT_BUNDLE_IDENTIFIER = hhcszgd.TestTouchID;
				PRODUCT_NAME = "$(TARGET_NAME)";
				SWIFT_VERSION = 4.0;
				TARGETED_DEVICE_FAMILY = "1,2";
			};
			name = Debug;
		};
		15FC940C20E23A0E0047A333 /* Release */ = {
			isa = XCBuildConfiguration;
			buildSettings = {
				ASSETCATALOG_COMPILER_APPICON_NAME = AppIcon;
				CODE_SIGN_STYLE = Automatic;
				DEVELOPMENT_TEAM = EY693LHB6N;
				INFOPLIST_FILE = TestTouchID/Info.plist;
				LD_RUNPATH_SEARCH_PATHS = (
					"$(inherited)",
					"@executable_path/Frameworks",
				);
				PRODUCT_BUNDLE_IDENTIFIER = hhcszgd.TestTouchID;
				PRODUCT_NAME = "$(TARGET_NAME)";
				SWIFT_VERSION = 4.0;
				TARGETED_DEVICE_FAMILY = "1,2";
			};
			name = Release;
		};
/* End XCBuildConfiguration section */

/* Begin XCConfigurationList section */
		15FC93F320E23A0C0047A333 /* Build configuration list for PBXProject "TestTouchID" */ = {
			isa = XCConfigurationList;
			buildConfigurations = (
				15FC940820E23A0E0047A333 /* Debug */,
				15FC940920E23A0E0047A333 /* Release */,
			);
			defaultConfigurationIsVisible = 0;
			defaultConfigurationName = Release;
		};
		15FC940A20E23A0E0047A333 /* Build configuration list for PBXNativeTarget "TestTouchID" */ = {
			isa = XCConfigurationList;
			buildConfigurations = (
				15FC940B20E23A0E0047A333 /* Debug */,
				15FC940C20E23A0E0047A333 /* Release */,
			);
			defaultConfigurationIsVisible = 0;
			defaultConfigurationName = Release;
		};
/* End XCConfigurationList section */
	};
	rootObject = 15FC93F020E23A0C0047A333 /* Project object */;
}
